// !$*UTF8*$!
{
	archiveVersion = 1;
	classes = {
	};
	objectVersion = 46;
	objects = {

/* Begin PBXBuildFile section */
		9548402E1E22A3B6006FBF2C /* GameManager501.swift in Sources */ = {isa = PBXBuildFile; fileRef = 9548402D1E22A3B6006FBF2C /* GameManager501.swift */; };
		954840301E240BBA006FBF2C /* RootViewController.swift in Sources */ = {isa = PBXBuildFile; fileRef = 9548402F1E240BBA006FBF2C /* RootViewController.swift */; };
		954840321E243033006FBF2C /* SocialViewController.swift in Sources */ = {isa = PBXBuildFile; fileRef = 954840311E243033006FBF2C /* SocialViewController.swift */; };
		95683AEB1E0D78190004F140 /* GamePageViewController.swift in Sources */ = {isa = PBXBuildFile; fileRef = 95683AEA1E0D78190004F140 /* GamePageViewController.swift */; };
		95683AED1E0D78340004F140 /* ShotViewController.swift in Sources */ = {isa = PBXBuildFile; fileRef = 95683AEC1E0D78340004F140 /* ShotViewController.swift */; };
		95683AF11E0D785D0004F140 /* TurnViewController.swift in Sources */ = {isa = PBXBuildFile; fileRef = 95683AF01E0D785D0004F140 /* TurnViewController.swift */; };
		956E8FBF1E0C2E550084F94F /* AppDelegate.swift in Sources */ = {isa = PBXBuildFile; fileRef = 956E8FBE1E0C2E550084F94F /* AppDelegate.swift */; };
		956E8FC11E0C2E550084F94F /* ViewController.swift in Sources */ = {isa = PBXBuildFile; fileRef = 956E8FC01E0C2E550084F94F /* ViewController.swift */; };
		956E8FC41E0C2E550084F94F /* Main.storyboard in Resources */ = {isa = PBXBuildFile; fileRef = 956E8FC21E0C2E550084F94F /* Main.storyboard */; };
		956E8FC91E0C2E550084F94F /* Assets.xcassets in Resources */ = {isa = PBXBuildFile; fileRef = 956E8FC81E0C2E550084F94F /* Assets.xcassets */; };
		956E8FCC1E0C2E550084F94F /* LaunchScreen.storyboard in Resources */ = {isa = PBXBuildFile; fileRef = 956E8FCA1E0C2E550084F94F /* LaunchScreen.storyboard */; };
		95A29B0C1E142CAA00B926A6 /* LoginViewController.swift in Sources */ = {isa = PBXBuildFile; fileRef = 95A29B0B1E142CAA00B926A6 /* LoginViewController.swift */; };
		95A29B0E1E142CF800B926A6 /* Summary501ViewController.swift in Sources */ = {isa = PBXBuildFile; fileRef = 95A29B0D1E142CF800B926A6 /* Summary501ViewController.swift */; };
		95A29B101E142D0200B926A6 /* SummaryCricketViewController.swift in Sources */ = {isa = PBXBuildFile; fileRef = 95A29B0F1E142D0200B926A6 /* SummaryCricketViewController.swift */; };
		95A439991E24906E00B79D68 /* UserTableViewCell.swift in Sources */ = {isa = PBXBuildFile; fileRef = 95A439981E24906E00B79D68 /* UserTableViewCell.swift */; };
		95A4399B1E25AE6600B79D68 /* SearchTableViewCell.swift in Sources */ = {isa = PBXBuildFile; fileRef = 95A4399A1E25AE6600B79D68 /* SearchTableViewCell.swift */; };
		95B722641E1C9B1D00E80203 /* CricketGameManager.swift in Sources */ = {isa = PBXBuildFile; fileRef = 95B722631E1C9B1D00E80203 /* CricketGameManager.swift */; };
		B57B6ED3F2BB4369FC39C9EF /* Pods_cricket501keeper.framework in Frameworks */ = {isa = PBXBuildFile; fileRef = 70FF9C09B5D38A6834C2A494 /* Pods_cricket501keeper.framework */; };
/* End PBXBuildFile section */

/* Begin PBXFileReference section */
		297DBAF183F1F6CB0D696C39 /* Pods-cricket501keeper.release.xcconfig */ = {isa = PBXFileReference; includeInIndex = 1; lastKnownFileType = text.xcconfig; name = "Pods-cricket501keeper.release.xcconfig"; path = "Pods/Target Support Files/Pods-cricket501keeper/Pods-cricket501keeper.release.xcconfig"; sourceTree = "<group>"; };
		70FF9C09B5D38A6834C2A494 /* Pods_cricket501keeper.framework */ = {isa = PBXFileReference; explicitFileType = wrapper.framework; includeInIndex = 0; path = Pods_cricket501keeper.framework; sourceTree = BUILT_PRODUCTS_DIR; };
		9548402D1E22A3B6006FBF2C /* GameManager501.swift */ = {isa = PBXFileReference; fileEncoding = 4; lastKnownFileType = sourcecode.swift; path = GameManager501.swift; sourceTree = "<group>"; };
		9548402F1E240BBA006FBF2C /* RootViewController.swift */ = {isa = PBXFileReference; fileEncoding = 4; lastKnownFileType = sourcecode.swift; path = RootViewController.swift; sourceTree = "<group>"; };
		954840311E243033006FBF2C /* SocialViewController.swift */ = {isa = PBXFileReference; fileEncoding = 4; lastKnownFileType = sourcecode.swift; path = SocialViewController.swift; sourceTree = "<group>"; };
		95683AEA1E0D78190004F140 /* GamePageViewController.swift */ = {isa = PBXFileReference; fileEncoding = 4; lastKnownFileType = sourcecode.swift; path = GamePageViewController.swift; sourceTree = "<group>"; };
		95683AEC1E0D78340004F140 /* ShotViewController.swift */ = {isa = PBXFileReference; fileEncoding = 4; lastKnownFileType = sourcecode.swift; path = ShotViewController.swift; sourceTree = "<group>"; };
		95683AF01E0D785D0004F140 /* TurnViewController.swift */ = {isa = PBXFileReference; fileEncoding = 4; lastKnownFileType = sourcecode.swift; path = TurnViewController.swift; sourceTree = "<group>"; };
		95683AF21E0D7E190004F140 /* cricket501keeper-Bridging-Header.h */ = {isa = PBXFileReference; lastKnownFileType = sourcecode.c.h; path = "cricket501keeper-Bridging-Header.h"; sourceTree = "<group>"; };
		956E8FBB1E0C2E550084F94F /* cricket501keeper.app */ = {isa = PBXFileReference; explicitFileType = wrapper.application; includeInIndex = 0; path = cricket501keeper.app; sourceTree = BUILT_PRODUCTS_DIR; };
		956E8FBE1E0C2E550084F94F /* AppDelegate.swift */ = {isa = PBXFileReference; lastKnownFileType = sourcecode.swift; path = AppDelegate.swift; sourceTree = "<group>"; };
		956E8FC01E0C2E550084F94F /* ViewController.swift */ = {isa = PBXFileReference; lastKnownFileType = sourcecode.swift; path = ViewController.swift; sourceTree = "<group>"; };
		956E8FC31E0C2E550084F94F /* Base */ = {isa = PBXFileReference; lastKnownFileType = file.storyboard; name = Base; path = Base.lproj/Main.storyboard; sourceTree = "<group>"; };
		956E8FC81E0C2E550084F94F /* Assets.xcassets */ = {isa = PBXFileReference; lastKnownFileType = folder.assetcatalog; path = Assets.xcassets; sourceTree = "<group>"; };
		956E8FCB1E0C2E550084F94F /* Base */ = {isa = PBXFileReference; lastKnownFileType = file.storyboard; name = Base; path = Base.lproj/LaunchScreen.storyboard; sourceTree = "<group>"; };
		956E8FCD1E0C2E550084F94F /* Info.plist */ = {isa = PBXFileReference; lastKnownFileType = text.plist.xml; path = Info.plist; sourceTree = "<group>"; };
		95A29B0B1E142CAA00B926A6 /* LoginViewController.swift */ = {isa = PBXFileReference; fileEncoding = 4; lastKnownFileType = sourcecode.swift; path = LoginViewController.swift; sourceTree = "<group>"; };
		95A29B0D1E142CF800B926A6 /* Summary501ViewController.swift */ = {isa = PBXFileReference; fileEncoding = 4; lastKnownFileType = sourcecode.swift; path = Summary501ViewController.swift; sourceTree = "<group>"; };
		95A29B0F1E142D0200B926A6 /* SummaryCricketViewController.swift */ = {isa = PBXFileReference; fileEncoding = 4; lastKnownFileType = sourcecode.swift; path = SummaryCricketViewController.swift; sourceTree = "<group>"; };
		95A439981E24906E00B79D68 /* UserTableViewCell.swift */ = {isa = PBXFileReference; fileEncoding = 4; lastKnownFileType = sourcecode.swift; path = UserTableViewCell.swift; sourceTree = "<group>"; };
		95A4399A1E25AE6600B79D68 /* SearchTableViewCell.swift */ = {isa = PBXFileReference; fileEncoding = 4; lastKnownFileType = sourcecode.swift; path = SearchTableViewCell.swift; sourceTree = "<group>"; };
		95B722631E1C9B1D00E80203 /* CricketGameManager.swift */ = {isa = PBXFileReference; fileEncoding = 4; lastKnownFileType = sourcecode.swift; path = CricketGameManager.swift; sourceTree = "<group>"; };
		E66FC1B0CBAC66F717C349A8 /* Pods-cricket501keeper.debug.xcconfig */ = {isa = PBXFileReference; includeInIndex = 1; lastKnownFileType = text.xcconfig; name = "Pods-cricket501keeper.debug.xcconfig"; path = "Pods/Target Support Files/Pods-cricket501keeper/Pods-cricket501keeper.debug.xcconfig"; sourceTree = "<group>"; };
/* End PBXFileReference section */

/* Begin PBXFrameworksBuildPhase section */
		956E8FB81E0C2E550084F94F /* Frameworks */ = {
			isa = PBXFrameworksBuildPhase;
			buildActionMask = 2147483647;
			files = (
				B57B6ED3F2BB4369FC39C9EF /* Pods_cricket501keeper.framework in Frameworks */,
			);
			runOnlyForDeploymentPostprocessing = 0;
		};
/* End PBXFrameworksBuildPhase section */

/* Begin PBXGroup section */
		956E8FB21E0C2E550084F94F = {
			isa = PBXGroup;
			children = (
				956E8FBD1E0C2E550084F94F /* cricket501keeper */,
				956E8FBC1E0C2E550084F94F /* Products */,
				D44527E7F5B1BBA4FEFB36D2 /* Pods */,
				BEED8197EBF47313DA8A6288 /* Frameworks */,
			);
			sourceTree = "<group>";
		};
		956E8FBC1E0C2E550084F94F /* Products */ = {
			isa = PBXGroup;
			children = (
				956E8FBB1E0C2E550084F94F /* cricket501keeper.app */,
			);
			name = Products;
			sourceTree = "<group>";
		};
		956E8FBD1E0C2E550084F94F /* cricket501keeper */ = {
			isa = PBXGroup;
			children = (
				956E8FBE1E0C2E550084F94F /* AppDelegate.swift */,
				9548402F1E240BBA006FBF2C /* RootViewController.swift */,
				956E8FC01E0C2E550084F94F /* ViewController.swift */,
				954840311E243033006FBF2C /* SocialViewController.swift */,
				95A439981E24906E00B79D68 /* UserTableViewCell.swift */,
				95A4399A1E25AE6600B79D68 /* SearchTableViewCell.swift */,
				95A29B0B1E142CAA00B926A6 /* LoginViewController.swift */,
				95683AEA1E0D78190004F140 /* GamePageViewController.swift */,
				95683AF01E0D785D0004F140 /* TurnViewController.swift */,
				95683AEC1E0D78340004F140 /* ShotViewController.swift */,
				9548402D1E22A3B6006FBF2C /* GameManager501.swift */,
				95A29B0D1E142CF800B926A6 /* Summary501ViewController.swift */,
				95B722631E1C9B1D00E80203 /* CricketGameManager.swift */,
				95A29B0F1E142D0200B926A6 /* SummaryCricketViewController.swift */,
				956E8FC21E0C2E550084F94F /* Main.storyboard */,
				956E8FC81E0C2E550084F94F /* Assets.xcassets */,
				956E8FCA1E0C2E550084F94F /* LaunchScreen.storyboard */,
				956E8FCD1E0C2E550084F94F /* Info.plist */,
				95683AF21E0D7E190004F140 /* cricket501keeper-Bridging-Header.h */,
			);
			path = cricket501keeper;
			sourceTree = "<group>";
		};
		BEED8197EBF47313DA8A6288 /* Frameworks */ = {
			isa = PBXGroup;
			children = (
				70FF9C09B5D38A6834C2A494 /* Pods_cricket501keeper.framework */,
			);
			name = Frameworks;
			sourceTree = "<group>";
		};
		D44527E7F5B1BBA4FEFB36D2 /* Pods */ = {
			isa = PBXGroup;
			children = (
				E66FC1B0CBAC66F717C349A8 /* Pods-cricket501keeper.debug.xcconfig */,
				297DBAF183F1F6CB0D696C39 /* Pods-cricket501keeper.release.xcconfig */,
			);
			name = Pods;
			sourceTree = "<group>";
		};
/* End PBXGroup section */

/* Begin PBXNativeTarget section */
		956E8FBA1E0C2E550084F94F /* cricket501keeper */ = {
			isa = PBXNativeTarget;
			buildConfigurationList = 956E8FD01E0C2E550084F94F /* Build configuration list for PBXNativeTarget "cricket501keeper" */;
			buildPhases = (
				2D5B450A32418A55D9E83253 /* [CP] Check Pods Manifest.lock */,
				956E8FB71E0C2E550084F94F /* Sources */,
				956E8FB81E0C2E550084F94F /* Frameworks */,
				956E8FB91E0C2E550084F94F /* Resources */,
				0E8A36A3C064093B465159B5 /* [CP] Embed Pods Frameworks */,
				C113FE143FBD7A559A6B9BC1 /* [CP] Copy Pods Resources */,
			);
			buildRules = (
			);
			dependencies = (
			);
			name = cricket501keeper;
			productName = cricket501keeper;
			productReference = 956E8FBB1E0C2E550084F94F /* cricket501keeper.app */;
			productType = "com.apple.product-type.application";
		};
/* End PBXNativeTarget section */

/* Begin PBXProject section */
		956E8FB31E0C2E550084F94F /* Project object */ = {
			isa = PBXProject;
			attributes = {
				LastSwiftUpdateCheck = 0810;
				LastUpgradeCheck = 0820;
				ORGANIZATIONNAME = "Matthew Mauro";
				TargetAttributes = {
					956E8FBA1E0C2E550084F94F = {
						CreatedOnToolsVersion = 8.1;
						DevelopmentTeam = G3KYTESUM8;
						LastSwiftMigration = 0810;
						ProvisioningStyle = Automatic;
					};
				};
			};
			buildConfigurationList = 956E8FB61E0C2E550084F94F /* Build configuration list for PBXProject "cricket501keeper" */;
			compatibilityVersion = "Xcode 3.2";
			developmentRegion = English;
			hasScannedForEncodings = 0;
			knownRegions = (
				en,
				Base,
			);
			mainGroup = 956E8FB21E0C2E550084F94F;
			productRefGroup = 956E8FBC1E0C2E550084F94F /* Products */;
			projectDirPath = "";
			projectRoot = "";
			targets = (
				956E8FBA1E0C2E550084F94F /* cricket501keeper */,
			);
		};
/* End PBXProject section */

/* Begin PBXResourcesBuildPhase section */
		956E8FB91E0C2E550084F94F /* Resources */ = {
			isa = PBXResourcesBuildPhase;
			buildActionMask = 2147483647;
			files = (
				956E8FCC1E0C2E550084F94F /* LaunchScreen.storyboard in Resources */,
				956E8FC91E0C2E550084F94F /* Assets.xcassets in Resources */,
				956E8FC41E0C2E550084F94F /* Main.storyboard in Resources */,
			);
			runOnlyForDeploymentPostprocessing = 0;
		};
/* End PBXResourcesBuildPhase section */

/* Begin PBXShellScriptBuildPhase section */
		0E8A36A3C064093B465159B5 /* [CP] Embed Pods Frameworks */ = {
			isa = PBXShellScriptBuildPhase;
			buildActionMask = 2147483647;
			files = (
			);
			inputPaths = (
			);
			name = "[CP] Embed Pods Frameworks";
			outputPaths = (
			);
			runOnlyForDeploymentPostprocessing = 0;
			shellPath = /bin/sh;
			shellScript = "\"${SRCROOT}/Pods/Target Support Files/Pods-cricket501keeper/Pods-cricket501keeper-frameworks.sh\"\n";
			showEnvVarsInLog = 0;
		};
		2D5B450A32418A55D9E83253 /* [CP] Check Pods Manifest.lock */ = {
			isa = PBXShellScriptBuildPhase;
			buildActionMask = 2147483647;
			files = (
			);
			inputPaths = (
			);
			name = "[CP] Check Pods Manifest.lock";
			outputPaths = (
			);
			runOnlyForDeploymentPostprocessing = 0;
			shellPath = /bin/sh;
			shellScript = "diff \"${PODS_ROOT}/../Podfile.lock\" \"${PODS_ROOT}/Manifest.lock\" > /dev/null\nif [ $? != 0 ] ; then\n    # print error to STDERR\n    echo \"error: The sandbox is not in sync with the Podfile.lock. Run 'pod install' or update your CocoaPods installation.\" >&2\n    exit 1\nfi\n";
			showEnvVarsInLog = 0;
		};
		C113FE143FBD7A559A6B9BC1 /* [CP] Copy Pods Resources */ = {
			isa = PBXShellScriptBuildPhase;
			buildActionMask = 2147483647;
			files = (
			);
			inputPaths = (
			);
			name = "[CP] Copy Pods Resources";
			outputPaths = (
			);
			runOnlyForDeploymentPostprocessing = 0;
			shellPath = /bin/sh;
			shellScript = "\"${SRCROOT}/Pods/Target Support Files/Pods-cricket501keeper/Pods-cricket501keeper-resources.sh\"\n";
			showEnvVarsInLog = 0;
		};
/* End PBXShellScriptBuildPhase section */

/* Begin PBXSourcesBuildPhase section */
		956E8FB71E0C2E550084F94F /* Sources */ = {
			isa = PBXSourcesBuildPhase;
			buildActionMask = 2147483647;
			files = (
				956E8FC11E0C2E550084F94F /* ViewController.swift in Sources */,
				9548402E1E22A3B6006FBF2C /* GameManager501.swift in Sources */,
				954840301E240BBA006FBF2C /* RootViewController.swift in Sources */,
				954840321E243033006FBF2C /* SocialViewController.swift in Sources */,
				95A439991E24906E00B79D68 /* UserTableViewCell.swift in Sources */,
				95B722641E1C9B1D00E80203 /* CricketGameManager.swift in Sources */,
				95A29B101E142D0200B926A6 /* SummaryCricketViewController.swift in Sources */,
				95683AED1E0D78340004F140 /* ShotViewController.swift in Sources */,
				95683AEB1E0D78190004F140 /* GamePageViewController.swift in Sources */,
				956E8FBF1E0C2E550084F94F /* AppDelegate.swift in Sources */,
				95A29B0E1E142CF800B926A6 /* Summary501ViewController.swift in Sources */,
				95A29B0C1E142CAA00B926A6 /* LoginViewController.swift in Sources */,
				95683AF11E0D785D0004F140 /* TurnViewController.swift in Sources */,
				95A4399B1E25AE6600B79D68 /* SearchTableViewCell.swift in Sources */,
			);
			runOnlyForDeploymentPostprocessing = 0;
		};
/* End PBXSourcesBuildPhase section */

/* Begin PBXVariantGroup section */
		956E8FC21E0C2E550084F94F /* Main.storyboard */ = {
			isa = PBXVariantGroup;
			children = (
				956E8FC31E0C2E550084F94F /* Base */,
			);
			name = Main.storyboard;
			sourceTree = "<group>";
		};
		956E8FCA1E0C2E550084F94F /* LaunchScreen.storyboard */ = {
			isa = PBXVariantGroup;
			children = (
				956E8FCB1E0C2E550084F94F /* Base */,
			);
			name = LaunchScreen.storyboard;
			sourceTree = "<group>";
		};
/* End PBXVariantGroup section */

/* Begin XCBuildConfiguration section */
		956E8FCE1E0C2E550084F94F /* Debug */ = {
			isa = XCBuildConfiguration;
			buildSettings = {
				ALWAYS_SEARCH_USER_PATHS = NO;
				CLANG_ANALYZER_NONNULL = YES;
				CLANG_CXX_LANGUAGE_STANDARD = "gnu++0x";
				CLANG_CXX_LIBRARY = "libc++";
				CLANG_ENABLE_MODULES = YES;
				CLANG_ENABLE_OBJC_ARC = YES;
				CLANG_WARN_BOOL_CONVERSION = YES;
				CLANG_WARN_CONSTANT_CONVERSION = YES;
				CLANG_WARN_DIRECT_OBJC_ISA_USAGE = YES_ERROR;
				CLANG_WARN_DOCUMENTATION_COMMENTS = YES;
				CLANG_WARN_EMPTY_BODY = YES;
				CLANG_WARN_ENUM_CONVERSION = YES;
				CLANG_WARN_INFINITE_RECURSION = YES;
				CLANG_WARN_INT_CONVERSION = YES;
				CLANG_WARN_OBJC_ROOT_CLASS = YES_ERROR;
				CLANG_WARN_SUSPICIOUS_MOVE = YES;
				CLANG_WARN_SUSPICIOUS_MOVES = YES;
				CLANG_WARN_UNREACHABLE_CODE = YES;
				CLANG_WARN__DUPLICATE_METHOD_MATCH = YES;
				"CODE_SIGN_IDENTITY[sdk=iphoneos*]" = "iPhone Developer";
				COPY_PHASE_STRIP = NO;
				DEBUG_INFORMATION_FORMAT = dwarf;
				ENABLE_STRICT_OBJC_MSGSEND = YES;
				ENABLE_TESTABILITY = YES;
				GCC_C_LANGUAGE_STANDARD = gnu99;
				GCC_DYNAMIC_NO_PIC = NO;
				GCC_NO_COMMON_BLOCKS = YES;
				GCC_OPTIMIZATION_LEVEL = 0;
				GCC_PREPROCESSOR_DEFINITIONS = (
					"DEBUG=1",
					"$(inherited)",
				);
				GCC_WARN_64_TO_32_BIT_CONVERSION = YES;
				GCC_WARN_ABOUT_RETURN_TYPE = YES_ERROR;
				GCC_WARN_UNDECLARED_SELECTOR = YES;
				GCC_WARN_UNINITIALIZED_AUTOS = YES_AGGRESSIVE;
				GCC_WARN_UNUSED_FUNCTION = YES;
				GCC_WARN_UNUSED_VARIABLE = YES;
				IPHONEOS_DEPLOYMENT_TARGET = 10.1;
				MTL_ENABLE_DEBUG_INFO = YES;
				ONLY_ACTIVE_ARCH = YES;
				SDKROOT = iphoneos;
				SWIFT_ACTIVE_COMPILATION_CONDITIONS = DEBUG;
				SWIFT_OPTIMIZATION_LEVEL = "-Onone";
			};
			name = Debug;
		};
		956E8FCF1E0C2E550084F94F /* Release */ = {
			isa = XCBuildConfiguration;
			buildSettings = {
				ALWAYS_SEARCH_USER_PATHS = NO;
				CLANG_ANALYZER_NONNULL = YES;
				CLANG_CXX_LANGUAGE_STANDARD = "gnu++0x";
				CLANG_CXX_LIBRARY = "libc++";
				CLANG_ENABLE_MODULES = YES;
				CLANG_ENABLE_OBJC_ARC = YES;
				CLANG_WARN_BOOL_CONVERSION = YES;
				CLANG_WARN_CONSTANT_CONVERSION = YES;
				CLANG_WARN_DIRECT_OBJC_ISA_USAGE = YES_ERROR;
				CLANG_WARN_DOCUMENTATION_COMMENTS = YES;
				CLANG_WARN_EMPTY_BODY = YES;
				CLANG_WARN_ENUM_CONVERSION = YES;
				CLANG_WARN_INFINITE_RECURSION = YES;
				CLANG_WARN_INT_CONVERSION = YES;
				CLANG_WARN_OBJC_ROOT_CLASS = YES_ERROR;
				CLANG_WARN_SUSPICIOUS_MOVE = YES;
				CLANG_WARN_SUSPICIOUS_MOVES = YES;
				CLANG_WARN_UNREACHABLE_CODE = YES;
				CLANG_WARN__DUPLICATE_METHOD_MATCH = YES;
				"CODE_SIGN_IDENTITY[sdk=iphoneos*]" = "iPhone Developer";
				COPY_PHASE_STRIP = NO;
				DEBUG_INFORMATION_FORMAT = "dwarf-with-dsym";
				ENABLE_NS_ASSERTIONS = NO;
				ENABLE_STRICT_OBJC_MSGSEND = YES;
				GCC_C_LANGUAGE_STANDARD = gnu99;
				GCC_NO_COMMON_BLOCKS = YES;
				GCC_WARN_64_TO_32_BIT_CONVERSION = YES;
				GCC_WARN_ABOUT_RETURN_TYPE = YES_ERROR;
				GCC_WARN_UNDECLARED_SELECTOR = YES;
				GCC_WARN_UNINITIALIZED_AUTOS = YES_AGGRESSIVE;
				GCC_WARN_UNUSED_FUNCTION = YES;
				GCC_WARN_UNUSED_VARIABLE = YES;
				IPHONEOS_DEPLOYMENT_TARGET = 10.1;
				MTL_ENABLE_DEBUG_INFO = NO;
				SDKROOT = iphoneos;
				SWIFT_OPTIMIZATION_LEVEL = "-Owholemodule";
				VALIDATE_PRODUCT = YES;
			};
			name = Release;
		};
		956E8FD11E0C2E550084F94F /* Debug */ = {
			isa = XCBuildConfiguration;
			baseConfigurationReference = E66FC1B0CBAC66F717C349A8 /* Pods-cricket501keeper.debug.xcconfig */;
			buildSettings = {
				ALWAYS_EMBED_SWIFT_STANDARD_LIBRARIES = YES;
				ASSETCATALOG_COMPILER_APPICON_NAME = AppIcon;
				CLANG_ENABLE_MODULES = YES;
				DEVELOPMENT_TEAM = G3KYTESUM8;
				INFOPLIST_FILE = cricket501keeper/Info.plist;
				IPHONEOS_DEPLOYMENT_TARGET = 10.0;
				LD_RUNPATH_SEARCH_PATHS = "$(inherited) @executable_path/Frameworks";
				PRODUCT_BUNDLE_IDENTIFIER = kurokakari.cricket501keeper;
				PRODUCT_NAME = "$(TARGET_NAME)";
				SWIFT_OBJC_BRIDGING_HEADER = "cricket501keeper/cricket501keeper-Bridging-Header.h";
				SWIFT_OPTIMIZATION_LEVEL = "-Onone";
				SWIFT_VERSION = 3.0;
			};
			name = Debug;
		};
		956E8FD21E0C2E550084F94F /* Release */ = {
			isa = XCBuildConfiguration;
			baseConfigurationReference = 297DBAF183F1F6CB0D696C39 /* Pods-cricket501keeper.release.xcconfig */;
			buildSettings = {
				ALWAYS_EMBED_SWIFT_STANDARD_LIBRARIES = YES;
				ASSETCATALOG_COMPILER_APPICON_NAME = AppIcon;
				CLANG_ENABLE_MODULES = YES;
				DEVELOPMENT_TEAM = G3KYTESUM8;
				INFOPLIST_FILE = cricket501keeper/Info.plist;
				IPHONEOS_DEPLOYMENT_TARGET = 10.0;
				LD_RUNPATH_SEARCH_PATHS = "$(inherited) @executable_path/Frameworks";
				PRODUCT_BUNDLE_IDENTIFIER = kurokakari.cricket501keeper;
				PRODUCT_NAME = "$(TARGET_NAME)";
				SWIFT_OBJC_BRIDGING_HEADER = "cricket501keeper/cricket501keeper-Bridging-Header.h";
				SWIFT_OPTIMIZATION_LEVEL = "-Onone";
				SWIFT_VERSION = 3.0;
			};
			name = Release;
		};
/* End XCBuildConfiguration section */

/* Begin XCConfigurationList section */
		956E8FB61E0C2E550084F94F /* Build configuration list for PBXProject "cricket501keeper" */ = {
			isa = XCConfigurationList;
			buildConfigurations = (
				956E8FCE1E0C2E550084F94F /* Debug */,
				956E8FCF1E0C2E550084F94F /* Release */,
			);
			defaultConfigurationIsVisible = 0;
			defaultConfigurationName = Release;
		};
		956E8FD01E0C2E550084F94F /* Build configuration list for PBXNativeTarget "cricket501keeper" */ = {
			isa = XCConfigurationList;
			buildConfigurations = (
				956E8FD11E0C2E550084F94F /* Debug */,
				956E8FD21E0C2E550084F94F /* Release */,
			);
			defaultConfigurationIsVisible = 0;
			defaultConfigurationName = Release;
		};
/* End XCConfigurationList section */
	};
	rootObject = 956E8FB31E0C2E550084F94F /* Project object */;
}
