// !$*UTF8*$!
{
	archiveVersion = 1;
	classes = {
	};
	objectVersion = 46;
	objects = {

/* Begin PBXBuildFile section */
		956E8FBF1E0C2E550084F94F /* AppDelegate.swift in Sources */ = {isa = PBXBuildFile; fileRef = 956E8FBE1E0C2E550084F94F /* AppDelegate.swift */; };
		956E8FC11E0C2E550084F94F /* ViewController.swift in Sources */ = {isa = PBXBuildFile; fileRef = 956E8FC01E0C2E550084F94F /* ViewController.swift */; };
		956E8FC41E0C2E550084F94F /* Main.storyboard in Resources */ = {isa = PBXBuildFile; fileRef = 956E8FC21E0C2E550084F94F /* Main.storyboard */; };
		956E8FC71E0C2E550084F94F /* cricket501keeper.xcdatamodeld in Sources */ = {isa = PBXBuildFile; fileRef = 956E8FC51E0C2E550084F94F /* cricket501keeper.xcdatamodeld */; };
		956E8FC91E0C2E550084F94F /* Assets.xcassets in Resources */ = {isa = PBXBuildFile; fileRef = 956E8FC81E0C2E550084F94F /* Assets.xcassets */; };
		956E8FCC1E0C2E550084F94F /* LaunchScreen.storyboard in Resources */ = {isa = PBXBuildFile; fileRef = 956E8FCA1E0C2E550084F94F /* LaunchScreen.storyboard */; };
/* End PBXBuildFile section */

/* Begin PBXFileReference section */
		956E8FBB1E0C2E550084F94F /* cricket501keeper.app */ = {isa = PBXFileReference; explicitFileType = wrapper.application; includeInIndex = 0; path = cricket501keeper.app; sourceTree = BUILT_PRODUCTS_DIR; };
		956E8FBE1E0C2E550084F94F /* AppDelegate.swift */ = {isa = PBXFileReference; lastKnownFileType = sourcecode.swift; path = AppDelegate.swift; sourceTree = "<group>"; };
		956E8FC01E0C2E550084F94F /* ViewController.swift */ = {isa = PBXFileReference; lastKnownFileType = sourcecode.swift; path = ViewController.swift; sourceTree = "<group>"; };
		956E8FC31E0C2E550084F94F /* Base */ = {isa = PBXFileReference; lastKnownFileType = file.storyboard; name = Base; path = Base.lproj/Main.storyboard; sourceTree = "<group>"; };
		956E8FC61E0C2E550084F94F /* cricket501keeper.xcdatamodel */ = {isa = PBXFileReference; lastKnownFileType = wrapper.xcdatamodel; path = cricket501keeper.xcdatamodel; sourceTree = "<group>"; };
		956E8FC81E0C2E550084F94F /* Assets.xcassets */ = {isa = PBXFileReference; lastKnownFileType = folder.assetcatalog; path = Assets.xcassets; sourceTree = "<group>"; };
		956E8FCB1E0C2E550084F94F /* Base */ = {isa = PBXFileReference; lastKnownFileType = file.storyboard; name = Base; path = Base.lproj/LaunchScreen.storyboard; sourceTree = "<group>"; };
		956E8FCD1E0C2E550084F94F /* Info.plist */ = {isa = PBXFileReference; lastKnownFileType = text.plist.xml; path = Info.plist; sourceTree = "<group>"; };
/* End PBXFileReference section */

/* Begin PBXFrameworksBuildPhase section */
		956E8FB81E0C2E550084F94F /* Frameworks */ = {
			isa = PBXFrameworksBuildPhase;
			buildActionMask = 2147483647;
			files = (
			);
			runOnlyForDeploymentPostprocessing = 0;
		};
/* End PBXFrameworksBuildPhase section */

/* Begin PBXGroup section */
		956E8FB21E0C2E550084F94F = {
			isa = PBXGroup;
			children = (
				956E8FBD1E0C2E550084F94F /* cricket501keeper */,
				956E8FBC1E0C2E550084F94F /* Products */,
			);
			sourceTree = "<group>";
		};
		956E8FBC1E0C2E550084F94F /* Products */ = {
			isa = PBXGroup;
			children = (
				956E8FBB1E0C2E550084F94F /* cricket501keeper.app */,
			);
			name = Products;
			sourceTree = "<group>";
		};
		956E8FBD1E0C2E550084F94F /* cricket501keeper */ = {
			isa = PBXGroup;
			children = (
				956E8FBE1E0C2E550084F94F /* AppDelegate.swift */,
				956E8FC01E0C2E550084F94F /* ViewController.swift */,
				956E8FC21E0C2E550084F94F /* Main.storyboard */,
				956E8FC81E0C2E550084F94F /* Assets.xcassets */,
				956E8FCA1E0C2E550084F94F /* LaunchScreen.storyboard */,
				956E8FCD1E0C2E550084F94F /* Info.plist */,
				956E8FC51E0C2E550084F94F /* cricket501keeper.xcdatamodeld */,
			);
			path = cricket501keeper;
			sourceTree = "<group>";
		};
/* End PBXGroup section */

/* Begin PBXNativeTarget section */
		956E8FBA1E0C2E550084F94F /* cricket501keeper */ = {
			isa = PBXNativeTarget;
			buildConfigurationList = 956E8FD01E0C2E550084F94F /* Build configuration list for PBXNativeTarget "cricket501keeper" */;
			buildPhases = (
				956E8FB71E0C2E550084F94F /* Sources */,
				956E8FB81E0C2E550084F94F /* Frameworks */,
				956E8FB91E0C2E550084F94F /* Resources */,
			);
			buildRules = (
			);
			dependencies = (
			);
			name = cricket501keeper;
			productName = cricket501keeper;
			productReference = 956E8FBB1E0C2E550084F94F /* cricket501keeper.app */;
			productType = "com.apple.product-type.application";
		};
/* End PBXNativeTarget section */

/* Begin PBXProject section */
		956E8FB31E0C2E550084F94F /* Project object */ = {
			isa = PBXProject;
			attributes = {
				LastSwiftUpdateCheck = 0810;
				LastUpgradeCheck = 0810;
				ORGANIZATIONNAME = "Matthew Mauro";
				TargetAttributes = {
					956E8FBA1E0C2E550084F94F = {
						CreatedOnToolsVersion = 8.1;
						ProvisioningStyle = Automatic;
					};
				};
			};
			buildConfigurationList = 956E8FB61E0C2E550084F94F /* Build configuration list for PBXProject "cricket501keeper" */;
			compatibilityVersion = "Xcode 3.2";
			developmentRegion = English;
			hasScannedForEncodings = 0;
			knownRegions = (
				en,
				Base,
			);
			mainGroup = 956E8FB21E0C2E550084F94F;
			productRefGroup = 956E8FBC1E0C2E550084F94F /* Products */;
			projectDirPath = "";
			projectRoot = "";
			targets = (
				956E8FBA1E0C2E550084F94F /* cricket501keeper */,
			);
		};
/* End PBXProject section */

/* Begin PBXResourcesBuildPhase section */
		956E8FB91E0C2E550084F94F /* Resources */ = {
			isa = PBXResourcesBuildPhase;
			buildActionMask = 2147483647;
			files = (
				956E8FCC1E0C2E550084F94F /* LaunchScreen.storyboard in Resources */,
				956E8FC91E0C2E550084F94F /* Assets.xcassets in Resources */,
				956E8FC41E0C2E550084F94F /* Main.storyboard in Resources */,
			);
			runOnlyForDeploymentPostprocessing = 0;
		};
/* End PBXResourcesBuildPhase section */

/* Begin PBXSourcesBuildPhase section */
		956E8FB71E0C2E550084F94F /* Sources */ = {
			isa = PBXSourcesBuildPhase;
			buildActionMask = 2147483647;
			files = (
				956E8FC11E0C2E550084F94F /* ViewController.swift in Sources */,
				956E8FBF1E0C2E550084F94F /* AppDelegate.swift in Sources */,
				956E8FC71E0C2E550084F94F /* cricket501keeper.xcdatamodeld in Sources */,
			);
			runOnlyForDeploymentPostprocessing = 0;
		};
/* End PBXSourcesBuildPhase section */

/* Begin PBXVariantGroup section */
		956E8FC21E0C2E550084F94F /* Main.storyboard */ = {
			isa = PBXVariantGroup;
			children = (
				956E8FC31E0C2E550084F94F /* Base */,
			);
			name = Main.storyboard;
			sourceTree = "<group>";
		};
		956E8FCA1E0C2E550084F94F /* LaunchScreen.storyboard */ = {
			isa = PBXVariantGroup;
			children = (
				956E8FCB1E0C2E550084F94F /* Base */,
			);
			name = LaunchScreen.storyboard;
			sourceTree = "<group>";
		};
/* End PBXVariantGroup section */

/* Begin XCBuildConfiguration section */
		956E8FCE1E0C2E550084F94F /* Debug */ = {
			isa = XCBuildConfiguration;
			buildSettings = {
				ALWAYS_SEARCH_USER_PATHS = NO;
				CLANG_ANALYZER_NONNULL = YES;
				CLANG_CXX_LANGUAGE_STANDARD = "gnu++0x";
				CLANG_CXX_LIBRARY = "libc++";
				CLANG_ENABLE_MODULES = YES;
				CLANG_ENABLE_OBJC_ARC = YES;
				CLANG_WARN_BOOL_CONVERSION = YES;
				CLANG_WARN_CONSTANT_CONVERSION = YES;
				CLANG_WARN_DIRECT_OBJC_ISA_USAGE = YES_ERROR;
				CLANG_WARN_DOCUMENTATION_COMMENTS = YES;
				CLANG_WARN_EMPTY_BODY = YES;
				CLANG_WARN_ENUM_CONVERSION = YES;
				CLANG_WARN_INFINITE_RECURSION = YES;
				CLANG_WARN_INT_CONVERSION = YES;
				CLANG_WARN_OBJC_ROOT_CLASS = YES_ERROR;
				CLANG_WARN_SUSPICIOUS_MOVES = YES;
				CLANG_WARN_UNREACHABLE_CODE = YES;
				CLANG_WARN__DUPLICATE_METHOD_MATCH = YES;
				"CODE_SIGN_IDENTITY[sdk=iphoneos*]" = "iPhone Developer";
				COPY_PHASE_STRIP = NO;
				DEBUG_INFORMATION_FORMAT = dwarf;
				ENABLE_STRICT_OBJC_MSGSEND = YES;
				ENABLE_TESTABILITY = YES;
				GCC_C_LANGUAGE_STANDARD = gnu99;
				GCC_DYNAMIC_NO_PIC = NO;
				GCC_NO_COMMON_BLOCKS = YES;
				GCC_OPTIMIZATION_LEVEL = 0;
				GCC_PREPROCESSOR_DEFINITIONS = (
					"DEBUG=1",
					"$(inherited)",
				);
				GCC_WARN_64_TO_32_BIT_CONVERSION = YES;
				GCC_WARN_ABOUT_RETURN_TYPE = YES_ERROR;
				GCC_WARN_UNDECLARED_SELECTOR = YES;
				GCC_WARN_UNINITIALIZED_AUTOS = YES_AGGRESSIVE;
				GCC_WARN_UNUSED_FUNCTION = YES;
				GCC_WARN_UNUSED_VARIABLE = YES;
				IPHONEOS_DEPLOYMENT_TARGET = 10.1;
				MTL_ENABLE_DEBUG_INFO = YES;
				ONLY_ACTIVE_ARCH = YES;
				SDKROOT = iphoneos;
				SWIFT_ACTIVE_COMPILATION_CONDITIONS = DEBUG;
				SWIFT_OPTIMIZATION_LEVEL = "-Onone";
			};
			name = Debug;
		};
		956E8FCF1E0C2E550084F94F /* Release */ = {
			isa = XCBuildConfiguration;
			buildSettings = {
				ALWAYS_SEARCH_USER_PATHS = NO;
				CLANG_ANALYZER_NONNULL = YES;
				CLANG_CXX_LANGUAGE_STANDARD = "gnu++0x";
				CLANG_CXX_LIBRARY = "libc++";
				CLANG_ENABLE_MODULES = YES;
				CLANG_ENABLE_OBJC_ARC = YES;
				CLANG_WARN_BOOL_CONVERSION = YES;
				CLANG_WARN_CONSTANT_CONVERSION = YES;
				CLANG_WARN_DIRECT_OBJC_ISA_USAGE = YES_ERROR;
				CLANG_WARN_DOCUMENTATION_COMMENTS = YES;
				CLANG_WARN_EMPTY_BODY = YES;
				CLANG_WARN_ENUM_CONVERSION = YES;
				CLANG_WARN_INFINITE_RECURSION = YES;
				CLANG_WARN_INT_CONVERSION = YES;
				CLANG_WARN_OBJC_ROOT_CLASS = YES_ERROR;
				CLANG_WARN_SUSPICIOUS_MOVES = YES;
				CLANG_WARN_UNREACHABLE_CODE = YES;
				CLANG_WARN__DUPLICATE_METHOD_MATCH = YES;
				"CODE_SIGN_IDENTITY[sdk=iphoneos*]" = "iPhone Developer";
				COPY_PHASE_STRIP = NO;
				DEBUG_INFORMATION_FORMAT = "dwarf-with-dsym";
				ENABLE_NS_ASSERTIONS = NO;
				ENABLE_STRICT_OBJC_MSGSEND = YES;
				GCC_C_LANGUAGE_STANDARD = gnu99;
				GCC_NO_COMMON_BLOCKS = YES;
				GCC_WARN_64_TO_32_BIT_CONVERSION = YES;
				GCC_WARN_ABOUT_RETURN_TYPE = YES_ERROR;
				GCC_WARN_UNDECLARED_SELECTOR = YES;
				GCC_WARN_UNINITIALIZED_AUTOS = YES_AGGRESSIVE;
				GCC_WARN_UNUSED_FUNCTION = YES;
				GCC_WARN_UNUSED_VARIABLE = YES;
				IPHONEOS_DEPLOYMENT_TARGET = 10.1;
				MTL_ENABLE_DEBUG_INFO = NO;
				SDKROOT = iphoneos;
				SWIFT_OPTIMIZATION_LEVEL = "-Owholemodule";
				VALIDATE_PRODUCT = YES;
			};
			name = Release;
		};
		956E8FD11E0C2E550084F94F /* Debug */ = {
			isa = XCBuildConfiguration;
			buildSettings = {
				ASSETCATALOG_COMPILER_APPICON_NAME = AppIcon;
				INFOPLIST_FILE = cricket501keeper/Info.plist;
				LD_RUNPATH_SEARCH_PATHS = "$(inherited) @executable_path/Frameworks";
				PRODUCT_BUNDLE_IDENTIFIER = kurokakari.cricket501keeper;
				PRODUCT_NAME = "$(TARGET_NAME)";
				SWIFT_VERSION = 3.0;
			};
			name = Debug;
		};
		956E8FD21E0C2E550084F94F /* Release */ = {
			isa = XCBuildConfiguration;
			buildSettings = {
				ASSETCATALOG_COMPILER_APPICON_NAME = AppIcon;
				INFOPLIST_FILE = cricket501keeper/Info.plist;
				LD_RUNPATH_SEARCH_PATHS = "$(inherited) @executable_path/Frameworks";
				PRODUCT_BUNDLE_IDENTIFIER = kurokakari.cricket501keeper;
				PRODUCT_NAME = "$(TARGET_NAME)";
				SWIFT_VERSION = 3.0;
			};
			name = Release;
		};
/* End XCBuildConfiguration section */

/* Begin XCConfigurationList section */
		956E8FB61E0C2E550084F94F /* Build configuration list for PBXProject "cricket501keeper" */ = {
			isa = XCConfigurationList;
			buildConfigurations = (
				956E8FCE1E0C2E550084F94F /* Debug */,
				956E8FCF1E0C2E550084F94F /* Release */,
			);
			defaultConfigurationIsVisible = 0;
			defaultConfigurationName = Release;
		};
		956E8FD01E0C2E550084F94F /* Build configuration list for PBXNativeTarget "cricket501keeper" */ = {
			isa = XCConfigurationList;
			buildConfigurations = (
				956E8FD11E0C2E550084F94F /* Debug */,
				956E8FD21E0C2E550084F94F /* Release */,
			);
			defaultConfigurationIsVisible = 0;
		};
/* End XCConfigurationList section */

/* Begin XCVersionGroup section */
		956E8FC51E0C2E550084F94F /* cricket501keeper.xcdatamodeld */ = {
			isa = XCVersionGroup;
			children = (
				956E8FC61E0C2E550084F94F /* cricket501keeper.xcdatamodel */,
			);
			currentVersion = 956E8FC61E0C2E550084F94F /* cricket501keeper.xcdatamodel */;
			path = cricket501keeper.xcdatamodeld;
			sourceTree = "<group>";
			versionGroupType = wrapper.xcdatamodel;
		};
/* End XCVersionGroup section */
	};
	rootObject = 956E8FB31E0C2E550084F94F /* Project object */;
}
